# THIS IS AN AUTOGENERATED FILE. DO NOT EDIT THIS FILE DIRECTLY.
# yarn lockfile v1


"@protobufjs/utf8@^1.1.0":
  version "1.1.0"
  resolved "https://registry.yarnpkg.com/@protobufjs/utf8/-/utf8-1.1.0.tgz#a777360b5b39a1a2e5106f8e858f2fd2d060c570"

assemblyscript@AssemblyScript/assemblyscript:
  version "0.5.0"
  resolved "https://codeload.github.com/AssemblyScript/assemblyscript/tar.gz/5ca5df3dc7d17c23ae59f2323b415c598d7d69a0"
  dependencies:
    "@protobufjs/utf8" "^1.1.0"
    binaryen "48.0.0-nightly.20180627"
    long "^4.0.0"

binaryen@48.0.0-nightly.20180627:
  version "48.0.0-nightly.20180627"
  resolved "https://registry.yarnpkg.com/binaryen/-/binaryen-48.0.0-nightly.20180627.tgz#605e42c7db752922560d7f2582d5c9dcaa2f4822"

long@^4.0.0:
  version "4.0.0"
  resolved "https://registry.yarnpkg.com/long/-/long-4.0.0.tgz#9a7b71cfb7d361a194ea555241c92f7468d5bf28"
